
Microsoft Visual Studio Solution File, Format Version 12.00
# Visual Studio Version 17
VisualStudioVersion = 17.5.33424.131
MinimumVisualStudioVersion = 10.0.40219.1
Project("{9A19103F-16F7-4668-BE54-9A1E7A4F7556}") = "TodoApi", "TodoApi-Completed\TodoApi.csproj", "{8BCBF58E-7E7B-41A8-B0B4-5E77723AAF51}"
EndProject
Project("{9A19103F-16F7-4668-BE54-9A1E7A4F7556}") = "TodoApiDataLayerTesting", "TodoApiDataLayerTesting\TodoApiDataLayerTesting.csproj", "{3BFBACA3-5BED-4A98-A64F-93C24860FBC9}"
EndProject
Project("{FAE04EC0-301F-11D3-BF4B-00C04F79EFBC}") = "TodoAPI.UnitTests", "TodoAPI.UnitTests\TodoAPI.UnitTests.csproj", "{7EAB829D-24BB-43AB-8EB3-F3CA42A9D2D4}"
EndProject
Global
	GlobalSection(SolutionConfigurationPlatforms) = preSolution
		Debug|Any CPU = Debug|Any CPU
		Release|Any CPU = Release|Any CPU
	EndGlobalSection
	GlobalSection(ProjectConfigurationPlatforms) = postSolution
		{8BCBF58E-7E7B-41A8-B0B4-5E77723AAF51}.Debug|Any CPU.ActiveCfg = Debug|Any CPU
		{8BCBF58E-7E7B-41A8-B0B4-5E77723AAF51}.Debug|Any CPU.Build.0 = Debug|Any CPU
		{8BCBF58E-7E7B-41A8-B0B4-5E77723AAF51}.Release|Any CPU.ActiveCfg = Release|Any CPU
		{8BCBF58E-7E7B-41A8-B0B4-5E77723AAF51}.Release|Any CPU.Build.0 = Release|Any CPU
		{3BFBACA3-5BED-4A98-A64F-93C24860FBC9}.Debug|Any CPU.ActiveCfg = Debug|Any CPU
		{3BFBACA3-5BED-4A98-A64F-93C24860FBC9}.Debug|Any CPU.Build.0 = Debug|Any CPU
		{3BFBACA3-5BED-4A98-A64F-93C24860FBC9}.Release|Any CPU.ActiveCfg = Release|Any CPU
		{3BFBACA3-5BED-4A98-A64F-93C24860FBC9}.Release|Any CPU.Build.0 = Release|Any CPU
		{7EAB829D-24BB-43AB-8EB3-F3CA42A9D2D4}.Debug|Any CPU.ActiveCfg = Debug|Any CPU
		{7EAB829D-24BB-43AB-8EB3-F3CA42A9D2D4}.Debug|Any CPU.Build.0 = Debug|Any CPU
		{7EAB829D-24BB-43AB-8EB3-F3CA42A9D2D4}.Release|Any CPU.ActiveCfg = Release|Any CPU
		{7EAB829D-24BB-43AB-8EB3-F3CA42A9D2D4}.Release|Any CPU.Build.0 = Release|Any CPU
	EndGlobalSection
	GlobalSection(SolutionProperties) = preSolution
		HideSolutionNode = FALSE
	EndGlobalSection
	GlobalSection(ExtensibilityGlobals) = postSolution
		SolutionGuid = {EF5B1D0D-F5C0-40A4-8507-BCF66943DE88}
	EndGlobalSection
EndGlobal
